{
  "name": "dw-api",
  "version": "1.0.0",
  "lockfileVersion": 3,
  "requires": true,
  "packages": {
    "": {
      "name": "dw-api",
      "version": "1.0.0",
      "license": "MIT",
      "dependencies": {
        "@arrow-js/core": "^1.0.0-alpha.5",
        "ansicolor": "^1.1.100",
        "pastafarian": "^1.2.1",
        "rescript": "^10.1.2"
      }
    },
    "node_modules/@arrow-js/core": {
      "version": "1.0.0-alpha.5",
      "resolved": "https://registry.npmjs.org/@arrow-js/core/-/core-1.0.0-alpha.5.tgz",
      "integrity": "sha512-BTDZim5kd5eupExxLLm/hkhtfL2heBSb8a/YSUxujjAjj+s7ohsDvBUDtdAS8uLDHzJ3D4vGON2VvSxpbaYdNw==",
      "engines": {
        "node": ">=14.0.0"
      }
    },
    "node_modules/ansicolor": {
      "version": "1.1.100",
      "resolved": "https://registry.npmjs.org/ansicolor/-/ansicolor-1.1.100.tgz",
      "integrity": "sha512-Jl0pxRfa9WaQVUX57AB8/V2my6FJxrOR1Pp2qqFbig20QB4HzUoQ48THTKAgHlUCJeQm/s2WoOPcoIDhyCL/kw=="
    },
    "node_modules/pastafarian": {
      "version": "1.2.1",
      "resolved": "https://registry.npmjs.org/pastafarian/-/pastafarian-1.2.1.tgz",
      "integrity": "sha512-xU3Polxw/nzo32Mh0y2HxzBxpc+UgSoxqTHpUhtJRT/7UEypNFwVqQN2VTtuEf7v0cRpwa6xDG++riZrpn+MbA=="
    },
    "node_modules/rescript": {
      "version": "10.1.2",
      "resolved": "https://registry.npmjs.org/rescript/-/rescript-10.1.2.tgz",
      "integrity": "sha512-PPdhOiN+lwqxQ0qvzHc1KW0TL12LDy2X+qo/JIMIP3bMfiH0vxQH2e/lXuoutWWm04fGQGTv3hWH+gKW3/UyfA==",
      "hasInstallScript": true,
      "bin": {
        "bsc": "bsc",
        "bsrefmt": "bsrefmt",
        "bstracing": "lib/bstracing",
        "rescript": "rescript"
      }
    }
  }
}
